
Microsoft Visual Studio Solution File, Format Version 12.00
# Visual Studio Version 17
VisualStudioVersion = 17.0.31912.275
MinimumVisualStudioVersion = 10.0.40219.1
Project("{FAE04EC0-301F-11D3-BF4B-00C04F79EFBC}") = "Ex8_2", "Ex8_2.csproj", "{65AE25F4-AC45-4D03-9FF3-2D66D22ACCC1}"
EndProject
Global
	GlobalSection(SolutionConfigurationPlatforms) = preSolution
		Debug|Any CPU = Debug|Any CPU
		Release|Any CPU = Release|Any CPU
	EndGlobalSection
	GlobalSection(ProjectConfigurationPlatforms) = postSolution
		{65AE25F4-AC45-4D03-9FF3-2D66D22ACCC1}.Debug|Any CPU.ActiveCfg = Debug|Any CPU
		{65AE25F4-AC45-4D03-9FF3-2D66D22ACCC1}.Debug|Any CPU.Build.0 = Debug|Any CPU
		{65AE25F4-AC45-4D03-9FF3-2D66D22ACCC1}.Release|Any CPU.ActiveCfg = Release|Any CPU
		{65AE25F4-AC45-4D03-9FF3-2D66D22ACCC1}.Release|Any CPU.Build.0 = Release|Any CPU
	EndGlobalSection
	GlobalSection(SolutionProperties) = preSolution
		HideSolutionNode = FALSE
	EndGlobalSection
	GlobalSection(ExtensibilityGlobals) = postSolution
		SolutionGuid = {539EF6C2-C851-4223-941D-257B67C90912}
	EndGlobalSection
EndGlobal
